{
  "nodes": {
    "nixpkgs": {
      "locked": {
        "lastModified": 1779508470,
        "narHash": "sha256-Ap9KJX+5xHIn3bPIpfNgT6MEXdAECECwo4/rmlQD74M=",
        "owner": "nixos",
        "repo": "nixpkgs",
        "rev": "29916453413845e54a65b8a1cf996842300cd299",
        "type": "github"
      },
      "original": {
        "owner": "nixos",
        "ref": "nixos-unstable",
        "repo": "nixpkgs",
        "type": "github"
      }
    },
    "ocflib": {
      "locked": {
        "lastModified": 1778127354,
        "narHash": "sha256-jXlGjMZRmqqKmqG0bwyzV0gjnNsJNZX9jMG6S4zlkSE=",
        "owner": "ocf",
        "repo": "ocflib",
        "rev": "74f85fd54c6bbf3bffa4468d44c91bba9a360f99",
        "type": "github"
      },
      "original": {
        "owner": "ocf",
        "repo": "ocflib",
        "type": "github"
      }
    },
    "root": {
      "inputs": {
        "nixpkgs": "nixpkgs",
        "ocflib": "ocflib",
        "systems": "systems"
      }
    },
    "systems": {
      "locked": {
        "lastModified": 1681028828,
        "narHash": "sha256-Vy1rq5AaRuLzOxct8nz4T6wlgyUR7zLU309k9mBC768=",
        "owner": "nix-systems",
        "repo": "default",
        "rev": "da67096a3b9bf56a91d16901293e51ba5b49a27e",
        "type": "github"
      },
      "original": {
        "owner": "nix-systems",
        "repo": "default",
        "type": "github"
      }
    }
  },
  "root": "root",
  "version": 7
}
